<?xml version="1.0" encoding="utf-8"?>
<Project ToolsVersion="4.0" xmlns="http://schemas.microsoft.com/developer/msbuild/2003">
  <ItemGroup>
    <Filter Include="ソース ファイル">
      <UniqueIdentifier>{4FC737F1-C7A5-4376-A066-2A32D752A2FF}</UniqueIdentifier>
      <Extensions>cpp;c;cc;cxx;c++;cppm;ixx;def;odl;idl;hpj;bat;asm;asmx</Extensions>
    </Filter>
    <Filter Include="ヘッダー ファイル">
      <UniqueIdentifier>{93995380-89BD-4b04-88EB-625FBE52EBFB}</UniqueIdentifier>
      <Extensions>h;hh;hpp;hxx;h++;hm;inl;inc;ipp;xsd</Extensions>
    </Filter>
    <Filter Include="リソース ファイル">
      <UniqueIdentifier>{67DA6AB6-F800-4c08-8B7A-83BB121AAD01}</UniqueIdentifier>
      <Extensions>rc;ico;cur;bmp;dlg;rc2;rct;bin;rgs;gif;jpg;jpeg;jpe;resx;tiff;tif;png;wav;mfcribbon-ms</Extensions>
    </Filter>
    <Filter Include="ソース ファイル\定義">
      <UniqueIdentifier>{d68b026b-86e8-4362-844b-8ef9cabaea46}</UniqueIdentifier>
    </Filter>
    <Filter Include="ソース ファイル\シーン">
      <UniqueIdentifier>{cb2f9fba-1703-478c-8ae6-a5152355363e}</UniqueIdentifier>
    </Filter>
    <Filter Include="ヘッダー ファイル\シーン">
      <UniqueIdentifier>{b06114a0-0cec-4716-8266-5e7973a605b3}</UniqueIdentifier>
    </Filter>
    <Filter Include="ヘッダー ファイル\シーン\タイトル">
      <UniqueIdentifier>{adfe8500-7bb7-4d99-9dbe-cbd82c16a8d9}</UniqueIdentifier>
    </Filter>
    <Filter Include="ヘッダー ファイル\シーン\ホーム">
      <UniqueIdentifier>{8e6f71e5-f810-4ead-947c-8b7ed93b2f14}</UniqueIdentifier>
    </Filter>
    <Filter Include="ソース ファイル\シーン\ホーム">
      <UniqueIdentifier>{b2ef87c9-28eb-452a-ad6f-0f3080444d12}</UniqueIdentifier>
    </Filter>
    <Filter Include="ソース ファイル\シーン\タイトル">
      <UniqueIdentifier>{f1da4fff-aa2f-42eb-80e4-3b085915a7ec}</UniqueIdentifier>
    </Filter>
    <Filter Include="ソース ファイル\シーン\ゲームメイン">
      <UniqueIdentifier>{ecb22b5c-801c-4a75-bafc-7b20d5c97047}</UniqueIdentifier>
    </Filter>
    <Filter Include="ソース ファイル\シーン\オプション">
      <UniqueIdentifier>{6a8cc3cf-c658-4c26-aab2-ed474913ea65}</UniqueIdentifier>
    </Filter>
    <Filter Include="ヘッダー ファイル\シーン\ゲームメイン">
      <UniqueIdentifier>{ed8dd8dc-68c9-4249-82a7-d086a3117400}</UniqueIdentifier>
    </Filter>
    <Filter Include="ヘッダー ファイル\シーン\オプション">
      <UniqueIdentifier>{c8300271-e009-44e3-bc3f-480f4d15569d}</UniqueIdentifier>
    </Filter>
    <Filter Include="ヘッダー ファイル\シーン\ロード">
      <UniqueIdentifier>{fbd9ab12-9f5a-4def-9e14-9f0816cb01b1}</UniqueIdentifier>
    </Filter>
    <Filter Include="ソース ファイル\シーン\ロード">
      <UniqueIdentifier>{c3cc6c53-5b3a-4a77-9b88-eef747797f18}</UniqueIdentifier>
    </Filter>
    <Filter Include="ソース ファイル\データリスト">
      <UniqueIdentifier>{ad090fd3-1886-46cb-af65-961649d3f3d3}</UniqueIdentifier>
    </Filter>
    <Filter Include="ヘッダー ファイル\データリスト">
      <UniqueIdentifier>{3577a1fc-f0df-49a9-a95b-1b0d0cb1e8d8}</UniqueIdentifier>
    </Filter>
    <Filter Include="ヘッダー ファイル\データリスト\オプション">
      <UniqueIdentifier>{d4d69545-b6e5-4a3d-9685-e811df726dae}</UniqueIdentifier>
    </Filter>
    <Filter Include="ソース ファイル\データリスト\オプション">
      <UniqueIdentifier>{4d4a47ca-0fcd-4df1-8533-2a63e8d0ffba}</UniqueIdentifier>
    </Filter>
    <Filter Include="ヘッダー ファイル\データリスト\入力">
      <UniqueIdentifier>{0e23208a-c3bd-45f5-a7c2-2ee197443d53}</UniqueIdentifier>
    </Filter>
    <Filter Include="ソース ファイル\データリスト\入力">
      <UniqueIdentifier>{78ccf8b4-b98a-4dd6-a0eb-f984db635a66}</UniqueIdentifier>
    </Filter>
    <Filter Include="ソース ファイル\データリスト\スコア">
      <UniqueIdentifier>{25f69921-58ad-47a4-9e2a-70c3f1295bc1}</UniqueIdentifier>
    </Filter>
    <Filter Include="ヘッダー ファイル\データリスト\スコア">
      <UniqueIdentifier>{80b5e0a9-86a9-4245-a14f-af4553737b18}</UniqueIdentifier>
    </Filter>
    <Filter Include="ソース ファイル\オブジェクト">
      <UniqueIdentifier>{6fe53146-6920-4fc7-a229-ce2d592af7e0}</UniqueIdentifier>
    </Filter>
    <Filter Include="ソース ファイル\オブジェクト\アクタ">
      <UniqueIdentifier>{16f2baa2-8626-494a-b021-da59c93a34bd}</UniqueIdentifier>
    </Filter>
    <Filter Include="ヘッダー ファイル\オブジェクト">
      <UniqueIdentifier>{e5d9f952-6418-4e8f-a2c4-62d924761be3}</UniqueIdentifier>
    </Filter>
    <Filter Include="ヘッダー ファイル\オブジェクト\アクタ">
      <UniqueIdentifier>{b5972f54-fa2f-4958-a776-5cfc8ea0af8c}</UniqueIdentifier>
    </Filter>
    <Filter Include="ソース ファイル\オブジェクト\アクタ\キャラクター">
      <UniqueIdentifier>{6593fb31-238a-4663-96bc-cf6dc271493e}</UniqueIdentifier>
    </Filter>
    <Filter Include="ソース ファイル\オブジェクト\アクタ\キャラクター\プレイヤー">
      <UniqueIdentifier>{1a1f4357-2eb0-44dc-9653-ed8b1522752b}</UniqueIdentifier>
    </Filter>
    <Filter Include="ヘッダー ファイル\オブジェクト\アクタ\キャラクター">
      <UniqueIdentifier>{20bd4dde-d62b-47fa-be08-365edb13abba}</UniqueIdentifier>
    </Filter>
    <Filter Include="ヘッダー ファイル\オブジェクト\アクタ\キャラクター\プレイヤー">
      <UniqueIdentifier>{9d57a6a5-56c9-4aa1-864f-6d7534cf0dd8}</UniqueIdentifier>
    </Filter>
    <Filter Include="ソース ファイル\データリスト\オブジェクト管理">
      <UniqueIdentifier>{1524b864-9565-4fb4-8626-6289407583fa}</UniqueIdentifier>
    </Filter>
    <Filter Include="ヘッダー ファイル\データリスト\オブジェクト管理">
      <UniqueIdentifier>{1d13ccce-95f6-4828-a8e9-6a160d4a7af9}</UniqueIdentifier>
    </Filter>
    <Filter Include="ヘッダー ファイル\シーン\オプション\入力設定">
      <UniqueIdentifier>{a62effd1-cd42-43a5-973f-b69d809a08ff}</UniqueIdentifier>
    </Filter>
    <Filter Include="ソース ファイル\シーン\オプション\入力設定">
      <UniqueIdentifier>{1962f9e5-1676-4750-828b-edc338e5aa03}</UniqueIdentifier>
    </Filter>
    <Filter Include="ヘッダー ファイル\定義">
      <UniqueIdentifier>{fee04d11-66e3-4a33-bc5d-8b4d78c2ca63}</UniqueIdentifier>
    </Filter>
    <Filter Include="ヘッダー ファイル\データリスト\プレイヤー状態">
      <UniqueIdentifier>{42e6553f-5551-4785-895c-40eea843a2cd}</UniqueIdentifier>
    </Filter>
    <Filter Include="ソース ファイル\データリスト\プレイヤー状態">
      <UniqueIdentifier>{a903c500-3e8c-4abc-ae19-104434afe45e}</UniqueIdentifier>
    </Filter>
    <Filter Include="ソース ファイル\シーン\ゲームメイン\ユーザーインターフェイス">
      <UniqueIdentifier>{128fe4f9-cb29-485c-b450-9fe95af19a7f}</UniqueIdentifier>
    </Filter>
    <Filter Include="ヘッダー ファイル\シーン\ゲームメイン\ユーザーインターフェイス">
      <UniqueIdentifier>{d630c187-3c32-4dde-842e-c0257c1a2fe8}</UniqueIdentifier>
    </Filter>
    <Filter Include="ヘッダー ファイル\データリスト\3Dモデル管理">
      <UniqueIdentifier>{08353976-66fd-4099-bab1-ba450c99a977}</UniqueIdentifier>
    </Filter>
    <Filter Include="ソース ファイル\データリスト\3Dモデル管理">
      <UniqueIdentifier>{5069a771-77c7-48e3-b043-7f6192ef61d4}</UniqueIdentifier>
    </Filter>
    <Filter Include="ソース ファイル\オブジェクト\プラットフォーム">
      <UniqueIdentifier>{2b0041bd-44b6-4a97-a12f-ae97bc7383eb}</UniqueIdentifier>
    </Filter>
    <Filter Include="ヘッダー ファイル\オブジェクト\プラットフォーム">
      <UniqueIdentifier>{15fcfb79-088b-40c4-b3fc-a30e862459a3}</UniqueIdentifier>
    </Filter>
    <Filter Include="ヘッダー ファイル\オブジェクト\アクタ\キャラクター\エネミー">
      <UniqueIdentifier>{5b58202e-702b-4426-87ab-1a36657dae43}</UniqueIdentifier>
    </Filter>
    <Filter Include="ソース ファイル\オブジェクト\アクタ\キャラクター\エネミー">
      <UniqueIdentifier>{51e3ff2f-de72-4967-8648-9250810d1932}</UniqueIdentifier>
    </Filter>
    <Filter Include="ヘッダー ファイル\オブジェクト\エフェクト">
      <UniqueIdentifier>{050e7cb1-0e08-4da8-8d67-b1dc9cdcb5e7}</UniqueIdentifier>
    </Filter>
    <Filter Include="ソース ファイル\オブジェクト\エフェクト">
      <UniqueIdentifier>{1e026061-22cf-4657-8ff1-93c15d1ef6ac}</UniqueIdentifier>
    </Filter>
    <Filter Include="ソース ファイル\シーン\ゲームメイン\ステージ">
      <UniqueIdentifier>{215d0676-00e3-4beb-9c2c-3e2126545eb0}</UniqueIdentifier>
    </Filter>
    <Filter Include="ヘッダー ファイル\シーン\ゲームメイン\ステージ">
      <UniqueIdentifier>{69cb7c40-f1d9-433d-9575-c586cc39c6b4}</UniqueIdentifier>
    </Filter>
    <Filter Include="ソース ファイル\シーン\ゲームメイン\エディット">
      <UniqueIdentifier>{5d605048-daac-4f5f-be12-d731fd63f230}</UniqueIdentifier>
    </Filter>
    <Filter Include="ヘッダー ファイル\シーン\ゲームメイン\エディット">
      <UniqueIdentifier>{0dbfbb9a-6d4b-4e85-b17d-eae4a3346160}</UniqueIdentifier>
    </Filter>
    <Filter Include="ヘッダー ファイル\データリスト\ゲーム状態管理">
      <UniqueIdentifier>{171743c4-b1ef-4cb7-b907-538957d70d69}</UniqueIdentifier>
    </Filter>
    <Filter Include="ソース ファイル\データリスト\ゲーム状態管理">
      <UniqueIdentifier>{b77f5419-83c9-4a67-8ae6-dd9f2fdeb769}</UniqueIdentifier>
    </Filter>
    <Filter Include="ソース ファイル\オブジェクト\アクタ\バレット">
      <UniqueIdentifier>{10bf6242-2663-4da7-9e4c-eba1e4648fd8}</UniqueIdentifier>
    </Filter>
    <Filter Include="ヘッダー ファイル\オブジェクト\アクタ\バレット">
      <UniqueIdentifier>{e8a7f619-3dc4-4823-913f-dfa6988ff221}</UniqueIdentifier>
    </Filter>
    <Filter Include="ヘッダー ファイル\オブジェクト\プラットフォーム\ギミック">
      <UniqueIdentifier>{d62c1475-32e3-45da-9431-254952e8e21f}</UniqueIdentifier>
    </Filter>
    <Filter Include="ソース ファイル\オブジェクト\プラットフォーム\ギミック">
      <UniqueIdentifier>{528618ed-5f7c-45fc-8d41-e74965629227}</UniqueIdentifier>
    </Filter>
    <Filter Include="ソース ファイル\オブジェクト\アクタ\キャラクター\エネミー\ゴールオブジェクト">
      <UniqueIdentifier>{a192f62e-0a72-46e3-b517-2767e885f0f5}</UniqueIdentifier>
    </Filter>
    <Filter Include="ヘッダー ファイル\オブジェクト\アクタ\キャラクター\エネミー\ゴールオブジェクト">
      <UniqueIdentifier>{486ac4b5-280b-44c6-8504-6a5071cbe00f}</UniqueIdentifier>
    </Filter>
    <Filter Include="ソース ファイル\データリスト\エフェクトリソース管理">
      <UniqueIdentifier>{897dc08e-30cd-49ab-a4f1-d042b3845100}</UniqueIdentifier>
    </Filter>
    <Filter Include="ヘッダー ファイル\データリスト\エフェクトリソース管理">
      <UniqueIdentifier>{20677129-197b-4cf7-9207-dbaae9117c3c}</UniqueIdentifier>
    </Filter>
    <Filter Include="ヘッダー ファイル\データリスト\サウンド管理">
      <UniqueIdentifier>{6c3a869f-8491-4469-b35f-9e894ccd5b33}</UniqueIdentifier>
    </Filter>
    <Filter Include="ソース ファイル\データリスト\サウンド管理">
      <UniqueIdentifier>{8b7a6cd1-c3fa-4f54-8126-67a1029c3937}</UniqueIdentifier>
    </Filter>
    <Filter Include="ソース ファイル\オブジェクト\アクタ\バレット\エネミー">
      <UniqueIdentifier>{d4065827-d666-4598-9b8c-e58a8993dfac}</UniqueIdentifier>
    </Filter>
    <Filter Include="ソース ファイル\オブジェクト\アクタ\バレット\プレイヤー">
      <UniqueIdentifier>{6c99a494-a4a4-454b-920f-7ffe2a0a433a}</UniqueIdentifier>
    </Filter>
    <Filter Include="ソース ファイル\オブジェクト\アクタ\キャラクター\エネミー\自爆">
      <UniqueIdentifier>{a9bbb1d5-b14e-4865-8d4d-c09eecfc8d3a}</UniqueIdentifier>
    </Filter>
    <Filter Include="ソース ファイル\オブジェクト\アクタ\キャラクター\エネミー\逃走">
      <UniqueIdentifier>{7c28a010-ed37-4b42-9306-1916cf852706}</UniqueIdentifier>
    </Filter>
    <Filter Include="ソース ファイル\オブジェクト\アクタ\キャラクター\エネミー\ミサイル">
      <UniqueIdentifier>{45b9068a-4edc-43a6-a37c-8cf78ad20cac}</UniqueIdentifier>
    </Filter>
    <Filter Include="ソース ファイル\オブジェクト\アクタ\キャラクター\エネミー\ノーマル">
      <UniqueIdentifier>{bfc42c4b-128d-4874-a755-3376935990e2}</UniqueIdentifier>
    </Filter>
    <Filter Include="ヘッダー ファイル\オブジェクト\アクタ\キャラクター\エネミー\自爆">
      <UniqueIdentifier>{9bda7d4f-9913-460b-8385-9f40fc276f3b}</UniqueIdentifier>
    </Filter>
    <Filter Include="ヘッダー ファイル\オブジェクト\アクタ\キャラクター\エネミー\ミサイル">
      <UniqueIdentifier>{80cc1db6-3bc5-4645-8fef-1d3e5b00143e}</UniqueIdentifier>
    </Filter>
    <Filter Include="ヘッダー ファイル\オブジェクト\アクタ\キャラクター\エネミー\逃走">
      <UniqueIdentifier>{52989d01-205a-49cf-b8be-b33828c680bc}</UniqueIdentifier>
    </Filter>
    <Filter Include="ヘッダー ファイル\オブジェクト\アクタ\キャラクター\エネミー\ノーマル">
      <UniqueIdentifier>{1236f9ae-013d-4a09-b2ab-9618026844d3}</UniqueIdentifier>
    </Filter>
    <Filter Include="ソース ファイル\オブジェクト\アクタ\キャラクター\エネミー\ビーム">
      <UniqueIdentifier>{e3f0d775-4fe2-4b43-8b4e-af33a51f65cd}</UniqueIdentifier>
    </Filter>
    <Filter Include="ヘッダー ファイル\オブジェクト\アクタ\キャラクター\エネミー\ビーム">
      <UniqueIdentifier>{f17f8a74-1275-4627-93d5-b50b8bf9221d}</UniqueIdentifier>
    </Filter>
    <Filter Include="ヘッダー ファイル\オブジェクト\アクタ\バレット\エネミー">
      <UniqueIdentifier>{6bfa5771-b023-4bbd-8b5a-fba2d22be604}</UniqueIdentifier>
    </Filter>
    <Filter Include="ヘッダー ファイル\オブジェクト\アクタ\バレット\プレイヤー">
      <UniqueIdentifier>{f2b2c71e-9df6-4443-9961-b41dfc8d8e73}</UniqueIdentifier>
    </Filter>
    <Filter Include="ソース ファイル\オブジェクト\スカイスフィア">
      <UniqueIdentifier>{bf796828-cd10-4854-be15-88307cadbea5}</UniqueIdentifier>
    </Filter>
    <Filter Include="ヘッダー ファイル\オブジェクト\スカイスフィア">
      <UniqueIdentifier>{89c85d66-4ab1-4035-aa7d-e7728dda34ec}</UniqueIdentifier>
    </Filter>
  </ItemGroup>
  <ItemGroup>
    <ClCompile Include="source\AppFunctionDefine.cpp">
      <Filter>ソース ファイル\定義</Filter>
    </ClCompile>
    <ClCompile Include="source\SceneLoad.cpp">
      <Filter>ソース ファイル\シーン\ロード</Filter>
    </ClCompile>
    <ClCompile Include="source\SceneOption.cpp">
      <Filter>ソース ファイル\シーン\オプション</Filter>
    </ClCompile>
    <ClCompile Include="source\SceneGame.cpp">
      <Filter>ソース ファイル\シーン\ゲームメイン</Filter>
    </ClCompile>
    <ClCompile Include="source\SceneTitle.cpp">
      <Filter>ソース ファイル\シーン\タイトル</Filter>
    </ClCompile>
    <ClCompile Include="source\SceneHome.cpp">
      <Filter>ソース ファイル\シーン\ホーム</Filter>
    </ClCompile>
    <ClCompile Include="source\CharacterPlayer.cpp">
      <Filter>ソース ファイル\オブジェクト\アクタ\キャラクター\プレイヤー</Filter>
    </ClCompile>
    <ClCompile Include="source\DataList_Object.cpp">
      <Filter>ソース ファイル\データリスト\オブジェクト管理</Filter>
    </ClCompile>
    <ClCompile Include="source\SceneInputConfig.cpp">
      <Filter>ソース ファイル\シーン\オプション\入力設定</Filter>
    </ClCompile>
    <ClCompile Include="source\VariableDefine.cpp">
      <Filter>ソース ファイル\定義</Filter>
    </ClCompile>
    <ClCompile Include="source\DataList_Input.cpp">
      <Filter>ソース ファイル\データリスト\入力</Filter>
    </ClCompile>
    <ClCompile Include="source\DataList_PlayerStatus.cpp">
      <Filter>ソース ファイル\データリスト\プレイヤー状態</Filter>
    </ClCompile>
    <ClCompile Include="source\DataList_Model.cpp">
      <Filter>ソース ファイル\データリスト\3Dモデル管理</Filter>
    </ClCompile>
    <ClCompile Include="source\PlatformBasic.cpp">
      <Filter>ソース ファイル\オブジェクト\プラットフォーム</Filter>
    </ClCompile>
    <ClCompile Include="source\SceneStage.cpp">
      <Filter>ソース ファイル\シーン\ゲームメイン\ステージ</Filter>
    </ClCompile>
    <ClCompile Include="source\SceneStage_MapLoad.cpp">
      <Filter>ソース ファイル\シーン\ゲームメイン\ステージ</Filter>
    </ClCompile>
    <ClCompile Include="source\SceneEdit.cpp">
      <Filter>ソース ファイル\シーン\ゲームメイン\エディット</Filter>
    </ClCompile>
    <ClCompile Include="source\DataList_GameStatus.cpp">
      <Filter>ソース ファイル\データリスト\ゲーム状態管理</Filter>
    </ClCompile>
    <ClCompile Include="source\EffectManualDelete.cpp">
      <Filter>ソース ファイル\オブジェクト\エフェクト</Filter>
    </ClCompile>
    <ClCompile Include="source\EffectSelfDelete.cpp">
      <Filter>ソース ファイル\オブジェクト\エフェクト</Filter>
    </ClCompile>
    <ClCompile Include="source\EnemyBasic.cpp">
      <Filter>ソース ファイル\オブジェクト\アクタ\キャラクター\エネミー</Filter>
    </ClCompile>
    <ClCompile Include="source\EnemyGoalObject.cpp">
      <Filter>ソース ファイル\オブジェクト\アクタ\キャラクター\エネミー\ゴールオブジェクト</Filter>
    </ClCompile>
    <ClCompile Include="source\SceneUi_Crosshairs.cpp">
      <Filter>ソース ファイル\シーン\ゲームメイン\ユーザーインターフェイス</Filter>
    </ClCompile>
    <ClCompile Include="source\SceneUi_Combo.cpp">
      <Filter>ソース ファイル\シーン\ゲームメイン\ユーザーインターフェイス</Filter>
    </ClCompile>
    <ClCompile Include="source\SceneUi_Hp.cpp">
      <Filter>ソース ファイル\シーン\ゲームメイン\ユーザーインターフェイス</Filter>
    </ClCompile>
    <ClCompile Include="source\SceneUi_Kunai.cpp">
      <Filter>ソース ファイル\シーン\ゲームメイン\ユーザーインターフェイス</Filter>
    </ClCompile>
    <ClCompile Include="source\DataList_Effect.cpp">
      <Filter>ソース ファイル\データリスト\エフェクトリソース管理</Filter>
    </ClCompile>
    <ClCompile Include="source\DataList_Score.cpp">
      <Filter>ソース ファイル\データリスト\スコア</Filter>
    </ClCompile>
    <ClCompile Include="source\DataList_Sound.cpp">
      <Filter>ソース ファイル\データリスト\サウンド管理</Filter>
    </ClCompile>
    <ClCompile Include="source\BulletPlayerMeleeStrong.cpp">
      <Filter>ソース ファイル\オブジェクト\アクタ\バレット\プレイヤー</Filter>
    </ClCompile>
    <ClCompile Include="source\BulletPlayerMeleeWeak.cpp">
      <Filter>ソース ファイル\オブジェクト\アクタ\バレット\プレイヤー</Filter>
    </ClCompile>
    <ClCompile Include="source\BulletEnemyRangeMissile.cpp">
      <Filter>ソース ファイル\オブジェクト\アクタ\バレット\エネミー</Filter>
    </ClCompile>
    <ClCompile Include="source\BulletEnemyRangeNormal.cpp">
      <Filter>ソース ファイル\オブジェクト\アクタ\バレット\エネミー</Filter>
    </ClCompile>
    <ClCompile Include="source\EnemyMissile.cpp">
      <Filter>ソース ファイル\オブジェクト\アクタ\キャラクター\エネミー\ミサイル</Filter>
    </ClCompile>
    <ClCompile Include="source\EnemyNormal.cpp">
      <Filter>ソース ファイル\オブジェクト\アクタ\キャラクター\エネミー\ノーマル</Filter>
    </ClCompile>
    <ClCompile Include="source\EnemyEscape.cpp">
      <Filter>ソース ファイル\オブジェクト\アクタ\キャラクター\エネミー\逃走</Filter>
    </ClCompile>
    <ClCompile Include="source\SceneUi_Debug.cpp">
      <Filter>ソース ファイル\シーン\ゲームメイン\ユーザーインターフェイス</Filter>
    </ClCompile>
    <ClCompile Include="source\SceneStage_Camera.cpp">
      <Filter>ソース ファイル\シーン\ゲームメイン\ステージ</Filter>
    </ClCompile>
    <ClCompile Include="source\Enemy_Explosion.cpp">
      <Filter>ソース ファイル\オブジェクト\アクタ\キャラクター\エネミー\自爆</Filter>
    </ClCompile>
    <ClCompile Include="source\SceneStage_Draw.cpp">
      <Filter>ソース ファイル\シーン\ゲームメイン\ステージ</Filter>
    </ClCompile>
    <ClCompile Include="source\CharacterPlayerAttack.cpp">
      <Filter>ソース ファイル\オブジェクト\アクタ\キャラクター\プレイヤー</Filter>
    </ClCompile>
    <ClCompile Include="source\CharacterPlayerDraw.cpp">
      <Filter>ソース ファイル\オブジェクト\アクタ\キャラクター\プレイヤー</Filter>
    </ClCompile>
    <ClCompile Include="source\CharacterPlayerMove.cpp">
      <Filter>ソース ファイル\オブジェクト\アクタ\キャラクター\プレイヤー</Filter>
    </ClCompile>
    <ClCompile Include="source\EnemyBeam.cpp">
      <Filter>ソース ファイル\オブジェクト\アクタ\キャラクター\エネミー\ビーム</Filter>
    </ClCompile>
    <ClCompile Include="source\BulletEnemyRangeBeam.cpp">
      <Filter>ソース ファイル\オブジェクト\アクタ\バレット\エネミー</Filter>
    </ClCompile>
    <ClCompile Include="source\EffectManualDelete_PlayerFollow.cpp">
      <Filter>ソース ファイル\オブジェクト\エフェクト</Filter>
    </ClCompile>
    <ClCompile Include="source\EffectSelfDelete_PlayerFollow.cpp">
      <Filter>ソース ファイル\オブジェクト\エフェクト</Filter>
    </ClCompile>
    <ClCompile Include="source\SkySqhereBasic.cpp">
      <Filter>ソース ファイル\オブジェクト\スカイスフィア</Filter>
    </ClCompile>
  </ItemGroup>
  <ItemGroup>
    <ClInclude Include="source\SceneLoad.h">
      <Filter>ヘッダー ファイル\シーン\ロード</Filter>
    </ClInclude>
    <ClInclude Include="source\SceneOption.h">
      <Filter>ヘッダー ファイル\シーン\オプション</Filter>
    </ClInclude>
    <ClInclude Include="source\SceneGame.h">
      <Filter>ヘッダー ファイル\シーン\ゲームメイン</Filter>
    </ClInclude>
    <ClInclude Include="source\SceneHome.h">
      <Filter>ヘッダー ファイル\シーン\ホーム</Filter>
    </ClInclude>
    <ClInclude Include="source\SceneTitle.h">
      <Filter>ヘッダー ファイル\シーン\タイトル</Filter>
    </ClInclude>
    <ClInclude Include="source\DataList_Option.h">
      <Filter>ヘッダー ファイル\データリスト\オプション</Filter>
    </ClInclude>
    <ClInclude Include="source\CharacterPlayer.h">
      <Filter>ヘッダー ファイル\オブジェクト\アクタ\キャラクター\プレイヤー</Filter>
    </ClInclude>
    <ClInclude Include="source\DataList_Object.h">
      <Filter>ヘッダー ファイル\データリスト\オブジェクト管理</Filter>
    </ClInclude>
    <ClInclude Include="source\SceneInputConfig.h">
      <Filter>ヘッダー ファイル\シーン\オプション\入力設定</Filter>
    </ClInclude>
    <ClInclude Include="source\DataList_Input.h">
      <Filter>ヘッダー ファイル\データリスト\入力</Filter>
    </ClInclude>
    <ClInclude Include="source\VariableDefine.h">
      <Filter>ヘッダー ファイル\定義</Filter>
    </ClInclude>
    <ClInclude Include="source\PublicInclude.h">
      <Filter>ヘッダー ファイル\定義</Filter>
    </ClInclude>
    <ClInclude Include="source\InputDefine.h">
      <Filter>ヘッダー ファイル\データリスト\入力</Filter>
    </ClInclude>
    <ClInclude Include="source\DataList_PlayerStatus.h">
      <Filter>ヘッダー ファイル\データリスト\プレイヤー状態</Filter>
    </ClInclude>
    <ClInclude Include="source\PlayerStatusDefine.h">
      <Filter>ヘッダー ファイル\データリスト\プレイヤー状態</Filter>
    </ClInclude>
    <ClInclude Include="source\StructDefine.h">
      <Filter>ヘッダー ファイル\定義</Filter>
    </ClInclude>
    <ClInclude Include="source\ConstantDefine.h">
      <Filter>ヘッダー ファイル\定義</Filter>
    </ClInclude>
    <ClInclude Include="source\DataList_Model.h">
      <Filter>ヘッダー ファイル\データリスト\3Dモデル管理</Filter>
    </ClInclude>
    <ClInclude Include="source\PlatformBasic.h">
      <Filter>ヘッダー ファイル\オブジェクト\プラットフォーム</Filter>
    </ClInclude>
    <ClInclude Include="source\SceneStage.h">
      <Filter>ヘッダー ファイル\シーン\ゲームメイン\ステージ</Filter>
    </ClInclude>
    <ClInclude Include="source\SceneEdit.h">
      <Filter>ヘッダー ファイル\シーン\ゲームメイン\エディット</Filter>
    </ClInclude>
    <ClInclude Include="source\DataList_GameStatus.h">
      <Filter>ヘッダー ファイル\データリスト\ゲーム状態管理</Filter>
    </ClInclude>
    <ClInclude Include="source\GameStatusDefine.h">
      <Filter>ヘッダー ファイル\データリスト\ゲーム状態管理</Filter>
    </ClInclude>
    <ClInclude Include="source\EffectManualDelete.h">
      <Filter>ヘッダー ファイル\オブジェクト\エフェクト</Filter>
    </ClInclude>
    <ClInclude Include="source\EffectSelfDelete.h">
      <Filter>ヘッダー ファイル\オブジェクト\エフェクト</Filter>
    </ClInclude>
    <ClInclude Include="source\EnemyBasic.h">
      <Filter>ヘッダー ファイル\オブジェクト\アクタ\キャラクター\エネミー</Filter>
    </ClInclude>
    <ClInclude Include="source\EnemyGoalObject.h">
      <Filter>ヘッダー ファイル\オブジェクト\アクタ\キャラクター\エネミー\ゴールオブジェクト</Filter>
    </ClInclude>
    <ClInclude Include="source\SceneUi_Crosshairs.h">
      <Filter>ヘッダー ファイル\シーン\ゲームメイン\ユーザーインターフェイス</Filter>
    </ClInclude>
    <ClInclude Include="source\SceneUi_Combo.h">
      <Filter>ヘッダー ファイル\シーン\ゲームメイン\ユーザーインターフェイス</Filter>
    </ClInclude>
    <ClInclude Include="source\SceneUi_Hp.h">
      <Filter>ヘッダー ファイル\シーン\ゲームメイン\ユーザーインターフェイス</Filter>
    </ClInclude>
    <ClInclude Include="source\SceneUi_Kunai.h">
      <Filter>ヘッダー ファイル\シーン\ゲームメイン\ユーザーインターフェイス</Filter>
    </ClInclude>
    <ClInclude Include="source\DataList_Effect.h">
      <Filter>ヘッダー ファイル\データリスト\エフェクトリソース管理</Filter>
    </ClInclude>
    <ClInclude Include="source\DataList_Score.h">
      <Filter>ヘッダー ファイル\データリスト\スコア</Filter>
    </ClInclude>
    <ClInclude Include="source\ScoreDefine.h">
      <Filter>ヘッダー ファイル\データリスト\スコア</Filter>
    </ClInclude>
    <ClInclude Include="source\DataList_Sound.h">
      <Filter>ヘッダー ファイル\データリスト\サウンド管理</Filter>
    </ClInclude>
    <ClInclude Include="source\SoundDefine.h">
      <Filter>ヘッダー ファイル\データリスト\サウンド管理</Filter>
    </ClInclude>
    <ClInclude Include="source\EnemyEscape.h">
      <Filter>ヘッダー ファイル\オブジェクト\アクタ\キャラクター\エネミー\逃走</Filter>
    </ClInclude>
    <ClInclude Include="source\EnemyMissile.h">
      <Filter>ヘッダー ファイル\オブジェクト\アクタ\キャラクター\エネミー\ミサイル</Filter>
    </ClInclude>
    <ClInclude Include="source\EnemyNormal.h">
      <Filter>ヘッダー ファイル\オブジェクト\アクタ\キャラクター\エネミー\ノーマル</Filter>
    </ClInclude>
    <ClInclude Include="source\SceneUi_Debug.h">
      <Filter>ヘッダー ファイル\シーン\ゲームメイン\ユーザーインターフェイス</Filter>
    </ClInclude>
    <ClInclude Include="source\Enemy_Explosion.h">
      <Filter>ヘッダー ファイル\オブジェクト\アクタ\キャラクター\エネミー\自爆</Filter>
    </ClInclude>
    <ClInclude Include="source\EnemyDefine.h">
      <Filter>ヘッダー ファイル\オブジェクト\アクタ\キャラクター\エネミー</Filter>
    </ClInclude>
    <ClInclude Include="source\EnemyBeam.h">
      <Filter>ヘッダー ファイル\オブジェクト\アクタ\キャラクター\エネミー\ビーム</Filter>
    </ClInclude>
    <ClInclude Include="source\BulletEnemyRangeBeam.h">
      <Filter>ヘッダー ファイル\オブジェクト\アクタ\バレット\エネミー</Filter>
    </ClInclude>
    <ClInclude Include="source\BulletEnemyRangeMissile.h">
      <Filter>ヘッダー ファイル\オブジェクト\アクタ\バレット\エネミー</Filter>
    </ClInclude>
    <ClInclude Include="source\BulletEnemyRangeNormal.h">
      <Filter>ヘッダー ファイル\オブジェクト\アクタ\バレット\エネミー</Filter>
    </ClInclude>
    <ClInclude Include="source\BulletPlayerMeleeStrong.h">
      <Filter>ヘッダー ファイル\オブジェクト\アクタ\バレット\プレイヤー</Filter>
    </ClInclude>
    <ClInclude Include="source\BulletPlayerMeleeWeak.h">
      <Filter>ヘッダー ファイル\オブジェクト\アクタ\バレット\プレイヤー</Filter>
    </ClInclude>
    <ClInclude Include="source\EnemyBulletDefine.h">
      <Filter>ヘッダー ファイル\オブジェクト\アクタ\バレット\エネミー</Filter>
    </ClInclude>
    <ClInclude Include="source\EffectSelfDelete_PlayerFollow.h">
      <Filter>ヘッダー ファイル\オブジェクト\エフェクト</Filter>
    </ClInclude>
    <ClInclude Include="source\EffectManualDelete_PlayerFollow.h">
      <Filter>ヘッダー ファイル\オブジェクト\エフェクト</Filter>
    </ClInclude>
    <ClInclude Include="source\SkySqhereBasic.h">
      <Filter>ヘッダー ファイル\オブジェクト\スカイスフィア</Filter>
    </ClInclude>
  </ItemGroup>
</Project>