<?xml version="1.0" encoding="utf-8"?>
<Project ToolsVersion="4.0" xmlns="http://schemas.microsoft.com/developer/msbuild/2003">
  <ItemGroup>
    <Filter Include="ソース ファイル">
      <UniqueIdentifier>{4FC737F1-C7A5-4376-A066-2A32D752A2FF}</UniqueIdentifier>
      <Extensions>cpp;c;cc;cxx;c++;def;odl;idl;hpj;bat;asm;asmx</Extensions>
    </Filter>
    <Filter Include="ヘッダー ファイル">
      <UniqueIdentifier>{93995380-89BD-4b04-88EB-625FBE52EBFB}</UniqueIdentifier>
      <Extensions>h;hh;hpp;hxx;h++;hm;inl;inc;ipp;xsd</Extensions>
    </Filter>
    <Filter Include="リソース ファイル">
      <UniqueIdentifier>{67DA6AB6-F800-4c08-8B7A-83BB121AAD01}</UniqueIdentifier>
      <Extensions>rc;ico;cur;bmp;dlg;rc2;rct;bin;rgs;gif;jpg;jpeg;jpe;resx;tiff;tif;png;wav;mfcribbon-ms</Extensions>
    </Filter>
    <Filter Include="ソース ファイル\プレイヤー入力">
      <UniqueIdentifier>{150df228-381a-4cf8-b4c5-ff5dad7d993a}</UniqueIdentifier>
    </Filter>
    <Filter Include="ヘッダー ファイル\プレイヤー入力">
      <UniqueIdentifier>{9703e4ad-755b-4a6f-9a0c-be41ff6c06a4}</UniqueIdentifier>
    </Filter>
    <Filter Include="ソース ファイル\シーン">
      <UniqueIdentifier>{fe24f884-f09a-43b1-8bdc-ca0ef570fe0b}</UniqueIdentifier>
    </Filter>
    <Filter Include="ソース ファイル\シーン\ベース">
      <UniqueIdentifier>{ffc2d1aa-14fe-417e-96d7-f03c207dc77b}</UniqueIdentifier>
    </Filter>
    <Filter Include="ヘッダー ファイル\シーン">
      <UniqueIdentifier>{e9726881-3a88-4e46-973a-a9d5ff08c4bc}</UniqueIdentifier>
    </Filter>
    <Filter Include="ヘッダー ファイル\シーン\ベース">
      <UniqueIdentifier>{ee5a0274-c36e-4f72-a970-51528ecba65f}</UniqueIdentifier>
    </Filter>
    <Filter Include="ヘッダー ファイル\定義">
      <UniqueIdentifier>{75d63d9f-a766-4588-ae66-a91120fea6c5}</UniqueIdentifier>
    </Filter>
    <Filter Include="ソース ファイル\定義">
      <UniqueIdentifier>{f8c328dd-bf3f-4704-adef-27e40b13edb7}</UniqueIdentifier>
    </Filter>
    <Filter Include="ソース ファイル\フレームレート制御">
      <UniqueIdentifier>{f15c7c2f-3110-4161-885f-2dfd448b8b73}</UniqueIdentifier>
    </Filter>
    <Filter Include="ヘッダー ファイル\フレームレート制御">
      <UniqueIdentifier>{88e71791-14aa-44b3-bcb2-a904d4e8ef80}</UniqueIdentifier>
    </Filter>
    <Filter Include="ソース ファイル\シーン\サーバー">
      <UniqueIdentifier>{0fee6b54-5c98-4ecf-9bc9-5d5c7ce16fa8}</UniqueIdentifier>
    </Filter>
    <Filter Include="ヘッダー ファイル\シーン\サーバー">
      <UniqueIdentifier>{838fcb2c-c6d8-4b07-a266-aa6aa5db63e2}</UniqueIdentifier>
    </Filter>
    <Filter Include="ソース ファイル\データ">
      <UniqueIdentifier>{3a70bd4c-7a33-4dc0-9383-b4a93d534240}</UniqueIdentifier>
    </Filter>
    <Filter Include="ヘッダー ファイル\データ">
      <UniqueIdentifier>{98dbccfd-a2ae-4c49-af23-e3654aab0276}</UniqueIdentifier>
    </Filter>
    <Filter Include="ソース ファイル\データ\ベース">
      <UniqueIdentifier>{08debf6c-2d01-481c-850d-1be72ab33b0c}</UniqueIdentifier>
    </Filter>
    <Filter Include="ヘッダー ファイル\データ\ベース">
      <UniqueIdentifier>{889d56af-5864-47cc-a940-944752f08d26}</UniqueIdentifier>
    </Filter>
    <Filter Include="ソース ファイル\データ\サーバー">
      <UniqueIdentifier>{0aee72a3-553a-468a-86c0-5d06e27a5ba8}</UniqueIdentifier>
    </Filter>
    <Filter Include="ヘッダー ファイル\データ\サーバー">
      <UniqueIdentifier>{48886f2f-95fc-4fdf-99e9-9d375168db53}</UniqueIdentifier>
    </Filter>
    <Filter Include="ソース ファイル\オブジェクト">
      <UniqueIdentifier>{298325b0-0b49-4596-8db4-2c07452dad46}</UniqueIdentifier>
    </Filter>
    <Filter Include="ソース ファイル\オブジェクト\ベース">
      <UniqueIdentifier>{df7df0fa-c98b-47e0-b774-d8e99310a517}</UniqueIdentifier>
    </Filter>
    <Filter Include="ヘッダー ファイル\オブジェクト">
      <UniqueIdentifier>{4592e3ac-6ab2-4ea7-a63e-386f49035645}</UniqueIdentifier>
    </Filter>
    <Filter Include="ヘッダー ファイル\オブジェクト\ベース">
      <UniqueIdentifier>{91c8b1dc-32fd-4da5-afcb-f896c705c6d4}</UniqueIdentifier>
    </Filter>
    <Filter Include="ソース ファイル\オブジェクト\ベース\アクタ">
      <UniqueIdentifier>{bdb1fb1c-c329-4807-b2e3-c6880e82602c}</UniqueIdentifier>
    </Filter>
    <Filter Include="ソース ファイル\オブジェクト\ベース\アクタ\キャラクター">
      <UniqueIdentifier>{f2264e90-0542-4a9e-80e4-e0aa4c87fa3e}</UniqueIdentifier>
    </Filter>
    <Filter Include="ソース ファイル\オブジェクト\ベース\アクタ\キャラクター\エネミー">
      <UniqueIdentifier>{79745167-f56d-48c0-aef4-d8b82c3690bf}</UniqueIdentifier>
    </Filter>
    <Filter Include="ソース ファイル\オブジェクト\ベース\アクタ\バレット">
      <UniqueIdentifier>{ba86bd9a-b8db-4041-bcd0-28afa1877ca6}</UniqueIdentifier>
    </Filter>
    <Filter Include="ソース ファイル\オブジェクト\ベース\トリガ">
      <UniqueIdentifier>{da6bee33-4902-4263-adc1-2c0d4ee85fd4}</UniqueIdentifier>
    </Filter>
    <Filter Include="ソース ファイル\オブジェクト\ベース\プラットフォーム">
      <UniqueIdentifier>{f4dfc76d-1f22-4fed-9a82-8a06554a5df3}</UniqueIdentifier>
    </Filter>
    <Filter Include="ヘッダー ファイル\オブジェクト\ベース\アクタ">
      <UniqueIdentifier>{8c78b777-6cd1-49c4-b698-ddb8a3fb50f3}</UniqueIdentifier>
    </Filter>
    <Filter Include="ヘッダー ファイル\オブジェクト\ベース\アクタ\バレット">
      <UniqueIdentifier>{258a0015-0333-497c-a649-5a7987544ce9}</UniqueIdentifier>
    </Filter>
    <Filter Include="ヘッダー ファイル\オブジェクト\ベース\アクタ\キャラクター">
      <UniqueIdentifier>{abb81e92-f721-4d98-b09d-4a5005fedd25}</UniqueIdentifier>
    </Filter>
    <Filter Include="ヘッダー ファイル\オブジェクト\ベース\アクタ\キャラクター\エネミー">
      <UniqueIdentifier>{2dd18806-e1b9-46b6-aafa-e789570ca401}</UniqueIdentifier>
    </Filter>
    <Filter Include="ヘッダー ファイル\オブジェクト\ベース\トリガ">
      <UniqueIdentifier>{7941b78e-5ad2-453a-904e-a21c19e2f243}</UniqueIdentifier>
    </Filter>
    <Filter Include="ヘッダー ファイル\オブジェクト\ベース\プラットフォーム">
      <UniqueIdentifier>{a567878f-3be2-486c-ae68-247e9de2ac16}</UniqueIdentifier>
    </Filter>
    <Filter Include="ソース ファイル\汎用計算">
      <UniqueIdentifier>{7ba01d80-664d-4c8d-bbfb-d7203d1adfcd}</UniqueIdentifier>
    </Filter>
    <Filter Include="ソース ファイル\オブジェクト\ベース\エフェクト">
      <UniqueIdentifier>{5bb542ce-8d92-49eb-844e-88415f96a319}</UniqueIdentifier>
    </Filter>
    <Filter Include="ヘッダー ファイル\オブジェクト\ベース\エフェクト">
      <UniqueIdentifier>{b414d5cb-b3ba-44b0-9254-ec0b2cfcec9c}</UniqueIdentifier>
    </Filter>
    <Filter Include="ヘッダー ファイル\オブジェクト\ベース\プラットフォーム\コリジョン">
      <UniqueIdentifier>{272ac610-5ad5-4733-8c6e-51621ab2aba2}</UniqueIdentifier>
    </Filter>
    <Filter Include="ヘッダー ファイル\オブジェクト\ベース\プラットフォーム\バックグラウンド">
      <UniqueIdentifier>{581f9f90-91fa-4a10-a549-4f7aefbc7797}</UniqueIdentifier>
    </Filter>
    <Filter Include="ソース ファイル\オブジェクト\ベース\プラットフォーム\コリジョン">
      <UniqueIdentifier>{cc5fcf34-aa9b-4111-9393-8cfead9b4267}</UniqueIdentifier>
    </Filter>
    <Filter Include="ソース ファイル\オブジェクト\ベース\プラットフォーム\バックグラウンド">
      <UniqueIdentifier>{1a0a3693-31e5-4015-a25b-6d8054ecb8aa}</UniqueIdentifier>
    </Filter>
    <Filter Include="ヘッダー ファイル\オブジェクト\ベース\プラットフォーム\ギミック">
      <UniqueIdentifier>{bdf7a7f6-bcfb-4197-b10d-f135b9dc2856}</UniqueIdentifier>
    </Filter>
    <Filter Include="ソース ファイル\オブジェクト\ベース\プラットフォーム\ギミック">
      <UniqueIdentifier>{88fd4004-f4d1-4d3f-abf5-60f661d3babf}</UniqueIdentifier>
    </Filter>
  </ItemGroup>
  <ItemGroup>
    <ClCompile Include="source\Main.cpp">
      <Filter>ソース ファイル</Filter>
    </ClCompile>
    <ClCompile Include="source\PlayerInput.cpp">
      <Filter>ソース ファイル\プレイヤー入力</Filter>
    </ClCompile>
    <ClCompile Include="source\SceneBase.cpp">
      <Filter>ソース ファイル\シーン\ベース</Filter>
    </ClCompile>
    <ClCompile Include="source\AppVariableDefine.cpp">
      <Filter>ソース ファイル\定義</Filter>
    </ClCompile>
    <ClCompile Include="source\Fps.cpp">
      <Filter>ソース ファイル\フレームレート制御</Filter>
    </ClCompile>
    <ClCompile Include="source\SceneServer.cpp">
      <Filter>ソース ファイル\シーン\サーバー</Filter>
    </ClCompile>
    <ClCompile Include="source\DataListBase.cpp">
      <Filter>ソース ファイル\データ\ベース</Filter>
    </ClCompile>
    <ClCompile Include="source\DataListServer.cpp">
      <Filter>ソース ファイル\データ\サーバー</Filter>
    </ClCompile>
    <ClCompile Include="source\ActorBase.cpp">
      <Filter>ソース ファイル\オブジェクト\ベース\アクタ</Filter>
    </ClCompile>
    <ClCompile Include="source\CharacterBase.cpp">
      <Filter>ソース ファイル\オブジェクト\ベース\アクタ\キャラクター</Filter>
    </ClCompile>
    <ClCompile Include="source\BulletBase.cpp">
      <Filter>ソース ファイル\オブジェクト\ベース\アクタ\バレット</Filter>
    </ClCompile>
    <ClCompile Include="source\EnemyBase.cpp">
      <Filter>ソース ファイル\オブジェクト\ベース\アクタ\キャラクター\エネミー</Filter>
    </ClCompile>
    <ClCompile Include="source\PublicProcess.cpp">
      <Filter>ソース ファイル\汎用計算</Filter>
    </ClCompile>
    <ClCompile Include="source\EffectBase.cpp">
      <Filter>ソース ファイル\オブジェクト\ベース\エフェクト</Filter>
    </ClCompile>
    <ClCompile Include="source\PlatformBase.cpp">
      <Filter>ソース ファイル\オブジェクト\ベース\プラットフォーム</Filter>
    </ClCompile>
    <ClCompile Include="source\ObjectBase.cpp">
      <Filter>ソース ファイル\オブジェクト</Filter>
    </ClCompile>
    <ClCompile Include="source\BackGroundBase.cpp">
      <Filter>ソース ファイル\オブジェクト\ベース\プラットフォーム\バックグラウンド</Filter>
    </ClCompile>
    <ClCompile Include="source\CollisionBase.cpp">
      <Filter>ソース ファイル\オブジェクト\ベース\プラットフォーム\コリジョン</Filter>
    </ClCompile>
    <ClCompile Include="source\GimmickBase.cpp">
      <Filter>ソース ファイル\オブジェクト\ベース\プラットフォーム\ギミック</Filter>
    </ClCompile>
  </ItemGroup>
  <ItemGroup>
    <ClInclude Include="source\Main.h">
      <Filter>ヘッダー ファイル</Filter>
    </ClInclude>
    <ClInclude Include="source\PlayerInput.h">
      <Filter>ヘッダー ファイル\プレイヤー入力</Filter>
    </ClInclude>
    <ClInclude Include="source\SceneBase.h">
      <Filter>ヘッダー ファイル\シーン\ベース</Filter>
    </ClInclude>
    <ClInclude Include="source\AppStructDefine.h">
      <Filter>ヘッダー ファイル\定義</Filter>
    </ClInclude>
    <ClInclude Include="source\AppVariableDefine.h">
      <Filter>ヘッダー ファイル\定義</Filter>
    </ClInclude>
    <ClInclude Include="source\AppConstantDefine.h">
      <Filter>ヘッダー ファイル\定義</Filter>
    </ClInclude>
    <ClInclude Include="source\Fps.h">
      <Filter>ヘッダー ファイル\フレームレート制御</Filter>
    </ClInclude>
    <ClInclude Include="source\AppFunctionDefine.h">
      <Filter>ヘッダー ファイル\定義</Filter>
    </ClInclude>
    <ClInclude Include="source\AppFrame.h">
      <Filter>ヘッダー ファイル</Filter>
    </ClInclude>
    <ClInclude Include="source\SceneServer.h">
      <Filter>ヘッダー ファイル\シーン\サーバー</Filter>
    </ClInclude>
    <ClInclude Include="source\DataListBase.h">
      <Filter>ヘッダー ファイル\データ\ベース</Filter>
    </ClInclude>
    <ClInclude Include="source\DataListServer.h">
      <Filter>ヘッダー ファイル\データ\サーバー</Filter>
    </ClInclude>
    <ClInclude Include="source\ObjectBase.h">
      <Filter>ヘッダー ファイル\オブジェクト\ベース</Filter>
    </ClInclude>
    <ClInclude Include="source\ActorBase.h">
      <Filter>ヘッダー ファイル\オブジェクト\ベース\アクタ</Filter>
    </ClInclude>
    <ClInclude Include="source\CharacterBase.h">
      <Filter>ヘッダー ファイル\オブジェクト\ベース\アクタ\キャラクター</Filter>
    </ClInclude>
    <ClInclude Include="source\PlatformBase.h">
      <Filter>ヘッダー ファイル\オブジェクト\ベース\プラットフォーム</Filter>
    </ClInclude>
    <ClInclude Include="source\BulletBase.h">
      <Filter>ヘッダー ファイル\オブジェクト\ベース\アクタ\バレット</Filter>
    </ClInclude>
    <ClInclude Include="source\EnemyBase.h">
      <Filter>ヘッダー ファイル\オブジェクト\ベース\アクタ\キャラクター\エネミー</Filter>
    </ClInclude>
    <ClInclude Include="source\EffectBase.h">
      <Filter>ヘッダー ファイル\オブジェクト\ベース\エフェクト</Filter>
    </ClInclude>
    <ClInclude Include="source\BackGroundBase.h">
      <Filter>ヘッダー ファイル\オブジェクト\ベース\プラットフォーム\バックグラウンド</Filter>
    </ClInclude>
    <ClInclude Include="source\CollisionBase.h">
      <Filter>ヘッダー ファイル\オブジェクト\ベース\プラットフォーム\コリジョン</Filter>
    </ClInclude>
    <ClInclude Include="source\GimmickBase.h">
      <Filter>ヘッダー ファイル\オブジェクト\ベース\プラットフォーム\ギミック</Filter>
    </ClInclude>
  </ItemGroup>
</Project>